
Microsoft Visual Studio Solution File, Format Version 12.00
# Visual Studio Version 17
VisualStudioVersion = 17.3.32825.248
MinimumVisualStudioVersion = 10.0.40219.1
Project("{FAE04EC0-301F-11D3-BF4B-00C04F79EFBC}") = "CharacterParity", "CharacterParity.csproj", "{8ABC9A69-D4B9-4F62-B564-91F501587573}"
EndProject
Global
	GlobalSection(SolutionConfigurationPlatforms) = preSolution
		Debug|Any CPU = Debug|Any CPU
		Release|Any CPU = Release|Any CPU
	EndGlobalSection
	GlobalSection(ProjectConfigurationPlatforms) = postSolution
		{8ABC9A69-D4B9-4F62-B564-91F501587573}.Debug|Any CPU.ActiveCfg = Debug|Any CPU
		{8ABC9A69-D4B9-4F62-B564-91F501587573}.Debug|Any CPU.Build.0 = Debug|Any CPU
		{8ABC9A69-D4B9-4F62-B564-91F501587573}.Release|Any CPU.ActiveCfg = Release|Any CPU
		{8ABC9A69-D4B9-4F62-B564-91F501587573}.Release|Any CPU.Build.0 = Release|Any CPU
	EndGlobalSection
	GlobalSection(SolutionProperties) = preSolution
		HideSolutionNode = FALSE
	EndGlobalSection
	GlobalSection(ExtensibilityGlobals) = postSolution
		SolutionGuid = {0AF1C6F5-93FA-4D95-B9EA-3DA5D6439C75}
	EndGlobalSection
EndGlobal
