
Microsoft Visual Studio Solution File, Format Version 12.00
# Visual Studio Version 17
VisualStudioVersion = 17.3.32825.248
MinimumVisualStudioVersion = 10.0.40219.1
Project("{FAE04EC0-301F-11D3-BF4B-00C04F79EFBC}") = "AdjacentThreeElementProduct", "AdjacentThreeElementProduct.csproj", "{984A1D5C-60F9-46A7-9625-138AFC71A1EF}"
EndProject
Global
	GlobalSection(SolutionConfigurationPlatforms) = preSolution
		Debug|Any CPU = Debug|Any CPU
		Release|Any CPU = Release|Any CPU
	EndGlobalSection
	GlobalSection(ProjectConfigurationPlatforms) = postSolution
		{984A1D5C-60F9-46A7-9625-138AFC71A1EF}.Debug|Any CPU.ActiveCfg = Debug|Any CPU
		{984A1D5C-60F9-46A7-9625-138AFC71A1EF}.Debug|Any CPU.Build.0 = Debug|Any CPU
		{984A1D5C-60F9-46A7-9625-138AFC71A1EF}.Release|Any CPU.ActiveCfg = Release|Any CPU
		{984A1D5C-60F9-46A7-9625-138AFC71A1EF}.Release|Any CPU.Build.0 = Release|Any CPU
	EndGlobalSection
	GlobalSection(SolutionProperties) = preSolution
		HideSolutionNode = FALSE
	EndGlobalSection
	GlobalSection(ExtensibilityGlobals) = postSolution
		SolutionGuid = {4ABCE0C0-6856-41E9-BC1E-9E09D7465630}
	EndGlobalSection
EndGlobal
