
Microsoft Visual Studio Solution File, Format Version 12.00
# Visual Studio Version 17
VisualStudioVersion = 17.3.32825.248
MinimumVisualStudioVersion = 10.0.40219.1
Project("{FAE04EC0-301F-11D3-BF4B-00C04F79EFBC}") = "FindFirstDigit", "FindFirstDigit.csproj", "{BBFF61F6-B045-4786-9EB4-958F3E8FD41A}"
EndProject
Global
	GlobalSection(SolutionConfigurationPlatforms) = preSolution
		Debug|Any CPU = Debug|Any CPU
		Release|Any CPU = Release|Any CPU
	EndGlobalSection
	GlobalSection(ProjectConfigurationPlatforms) = postSolution
		{BBFF61F6-B045-4786-9EB4-958F3E8FD41A}.Debug|Any CPU.ActiveCfg = Debug|Any CPU
		{BBFF61F6-B045-4786-9EB4-958F3E8FD41A}.Debug|Any CPU.Build.0 = Debug|Any CPU
		{BBFF61F6-B045-4786-9EB4-958F3E8FD41A}.Release|Any CPU.ActiveCfg = Release|Any CPU
		{BBFF61F6-B045-4786-9EB4-958F3E8FD41A}.Release|Any CPU.Build.0 = Release|Any CPU
	EndGlobalSection
	GlobalSection(SolutionProperties) = preSolution
		HideSolutionNode = FALSE
	EndGlobalSection
	GlobalSection(ExtensibilityGlobals) = postSolution
		SolutionGuid = {682DF7AD-C7AB-4459-8FFF-1511F7870212}
	EndGlobalSection
EndGlobal
