
Microsoft Visual Studio Solution File, Format Version 12.00
# Visual Studio Version 17
VisualStudioVersion = 17.3.32825.248
MinimumVisualStudioVersion = 10.0.40219.1
Project("{FAE04EC0-301F-11D3-BF4B-00C04F79EFBC}") = "FormValidationApp", "FormValidationApp.csproj", "{776841DE-E7EB-4388-BBD3-91DD010DD94A}"
EndProject
Global
	GlobalSection(SolutionConfigurationPlatforms) = preSolution
		Debug|Any CPU = Debug|Any CPU
		Release|Any CPU = Release|Any CPU
	EndGlobalSection
	GlobalSection(ProjectConfigurationPlatforms) = postSolution
		{776841DE-E7EB-4388-BBD3-91DD010DD94A}.Debug|Any CPU.ActiveCfg = Debug|Any CPU
		{776841DE-E7EB-4388-BBD3-91DD010DD94A}.Debug|Any CPU.Build.0 = Debug|Any CPU
		{776841DE-E7EB-4388-BBD3-91DD010DD94A}.Release|Any CPU.ActiveCfg = Release|Any CPU
		{776841DE-E7EB-4388-BBD3-91DD010DD94A}.Release|Any CPU.Build.0 = Release|Any CPU
	EndGlobalSection
	GlobalSection(SolutionProperties) = preSolution
		HideSolutionNode = FALSE
	EndGlobalSection
	GlobalSection(ExtensibilityGlobals) = postSolution
		SolutionGuid = {DADFB8ED-E4F4-48CB-893A-D0CB63DDF948}
	EndGlobalSection
EndGlobal
