
Microsoft Visual Studio Solution File, Format Version 12.00
# Visual Studio Version 17
VisualStudioVersion = 17.3.32825.248
MinimumVisualStudioVersion = 10.0.40219.1
Project("{FAE04EC0-301F-11D3-BF4B-00C04F79EFBC}") = "StringArray", "StringArray.csproj", "{C3E77293-E1BD-42F3-A3BC-7EE8635FADBD}"
EndProject
Global
	GlobalSection(SolutionConfigurationPlatforms) = preSolution
		Debug|Any CPU = Debug|Any CPU
		Release|Any CPU = Release|Any CPU
	EndGlobalSection
	GlobalSection(ProjectConfigurationPlatforms) = postSolution
		{C3E77293-E1BD-42F3-A3BC-7EE8635FADBD}.Debug|Any CPU.ActiveCfg = Debug|Any CPU
		{C3E77293-E1BD-42F3-A3BC-7EE8635FADBD}.Debug|Any CPU.Build.0 = Debug|Any CPU
		{C3E77293-E1BD-42F3-A3BC-7EE8635FADBD}.Release|Any CPU.ActiveCfg = Release|Any CPU
		{C3E77293-E1BD-42F3-A3BC-7EE8635FADBD}.Release|Any CPU.Build.0 = Release|Any CPU
	EndGlobalSection
	GlobalSection(SolutionProperties) = preSolution
		HideSolutionNode = FALSE
	EndGlobalSection
	GlobalSection(ExtensibilityGlobals) = postSolution
		SolutionGuid = {81B76266-74C4-40D5-BDDC-DB3D3AFAC71A}
	EndGlobalSection
EndGlobal
