
Microsoft Visual Studio Solution File, Format Version 12.00
# Visual Studio Version 17
VisualStudioVersion = 17.3.32825.248
MinimumVisualStudioVersion = 10.0.40219.1
Project("{FAE04EC0-301F-11D3-BF4B-00C04F79EFBC}") = "CheckPalindrome", "CheckPalindrome.csproj", "{829D04F8-03A3-4D2A-BAA6-62E1ECBAAA57}"
EndProject
Global
	GlobalSection(SolutionConfigurationPlatforms) = preSolution
		Debug|Any CPU = Debug|Any CPU
		Release|Any CPU = Release|Any CPU
	EndGlobalSection
	GlobalSection(ProjectConfigurationPlatforms) = postSolution
		{829D04F8-03A3-4D2A-BAA6-62E1ECBAAA57}.Debug|Any CPU.ActiveCfg = Debug|Any CPU
		{829D04F8-03A3-4D2A-BAA6-62E1ECBAAA57}.Debug|Any CPU.Build.0 = Debug|Any CPU
		{829D04F8-03A3-4D2A-BAA6-62E1ECBAAA57}.Release|Any CPU.ActiveCfg = Release|Any CPU
		{829D04F8-03A3-4D2A-BAA6-62E1ECBAAA57}.Release|Any CPU.Build.0 = Release|Any CPU
	EndGlobalSection
	GlobalSection(SolutionProperties) = preSolution
		HideSolutionNode = FALSE
	EndGlobalSection
	GlobalSection(ExtensibilityGlobals) = postSolution
		SolutionGuid = {4AD3AC34-27F3-4A51-903A-F1E3F1654325}
	EndGlobalSection
EndGlobal
