
Microsoft Visual Studio Solution File, Format Version 12.00
# Visual Studio Version 17
VisualStudioVersion = 17.3.32825.248
MinimumVisualStudioVersion = 10.0.40219.1
Project("{FAE04EC0-301F-11D3-BF4B-00C04F79EFBC}") = "PersonApp", "PersonApp.csproj", "{BC0BD0FA-17FA-4DAB-B81E-C5B0E3C8D2B5}"
EndProject
Global
	GlobalSection(SolutionConfigurationPlatforms) = preSolution
		Debug|Any CPU = Debug|Any CPU
		Release|Any CPU = Release|Any CPU
	EndGlobalSection
	GlobalSection(ProjectConfigurationPlatforms) = postSolution
		{BC0BD0FA-17FA-4DAB-B81E-C5B0E3C8D2B5}.Debug|Any CPU.ActiveCfg = Debug|Any CPU
		{BC0BD0FA-17FA-4DAB-B81E-C5B0E3C8D2B5}.Debug|Any CPU.Build.0 = Debug|Any CPU
		{BC0BD0FA-17FA-4DAB-B81E-C5B0E3C8D2B5}.Release|Any CPU.ActiveCfg = Release|Any CPU
		{BC0BD0FA-17FA-4DAB-B81E-C5B0E3C8D2B5}.Release|Any CPU.Build.0 = Release|Any CPU
	EndGlobalSection
	GlobalSection(SolutionProperties) = preSolution
		HideSolutionNode = FALSE
	EndGlobalSection
	GlobalSection(ExtensibilityGlobals) = postSolution
		SolutionGuid = {D2BDB969-F27A-43F1-84FF-46E8702BF11B}
	EndGlobalSection
EndGlobal
