
Microsoft Visual Studio Solution File, Format Version 12.00
# Visual Studio Version 17
VisualStudioVersion = 17.3.32825.248
MinimumVisualStudioVersion = 10.0.40219.1
Project("{FAE04EC0-301F-11D3-BF4B-00C04F79EFBC}") = "AlternateSum", "AlternateSum.csproj", "{E0758612-C843-46CD-B4F4-2D7D43390F49}"
EndProject
Global
	GlobalSection(SolutionConfigurationPlatforms) = preSolution
		Debug|Any CPU = Debug|Any CPU
		Release|Any CPU = Release|Any CPU
	EndGlobalSection
	GlobalSection(ProjectConfigurationPlatforms) = postSolution
		{E0758612-C843-46CD-B4F4-2D7D43390F49}.Debug|Any CPU.ActiveCfg = Debug|Any CPU
		{E0758612-C843-46CD-B4F4-2D7D43390F49}.Debug|Any CPU.Build.0 = Debug|Any CPU
		{E0758612-C843-46CD-B4F4-2D7D43390F49}.Release|Any CPU.ActiveCfg = Release|Any CPU
		{E0758612-C843-46CD-B4F4-2D7D43390F49}.Release|Any CPU.Build.0 = Release|Any CPU
	EndGlobalSection
	GlobalSection(SolutionProperties) = preSolution
		HideSolutionNode = FALSE
	EndGlobalSection
	GlobalSection(ExtensibilityGlobals) = postSolution
		SolutionGuid = {C2105920-43AE-4682-9370-8E59889C3EC3}
	EndGlobalSection
EndGlobal
